
Microsoft Visual Studio Solution File, Format Version 12.00
# Visual Studio Version 17
VisualStudioVersion = 17.11.35312.102
MinimumVisualStudioVersion = 10.0.40219.1
Project("{8BC9CEB8-8B4A-11D0-8D11-00A0C91BC942}") = "tugas individu", "tugas individu\tugas individu.vcxproj", "{AFE611C4-A399-48C3-AA8D-18F61657A443}"
EndProject
Global
	GlobalSection(SolutionConfigurationPlatforms) = preSolution
		Debug|x64 = Debug|x64
		Debug|x86 = Debug|x86
		Release|x64 = Release|x64
		Release|x86 = Release|x86
	EndGlobalSection
	GlobalSection(ProjectConfigurationPlatforms) = postSolution
		{AFE611C4-A399-48C3-AA8D-18F61657A443}.Debug|x64.ActiveCfg = Debug|x64
		{AFE611C4-A399-48C3-AA8D-18F61657A443}.Debug|x64.Build.0 = Debug|x64
		{AFE611C4-A399-48C3-AA8D-18F61657A443}.Debug|x86.ActiveCfg = Debug|Win32
		{AFE611C4-A399-48C3-AA8D-18F61657A443}.Debug|x86.Build.0 = Debug|Win32
		{AFE611C4-A399-48C3-AA8D-18F61657A443}.Release|x64.ActiveCfg = Release|x64
		{AFE611C4-A399-48C3-AA8D-18F61657A443}.Release|x64.Build.0 = Release|x64
		{AFE611C4-A399-48C3-AA8D-18F61657A443}.Release|x86.ActiveCfg = Release|Win32
		{AFE611C4-A399-48C3-AA8D-18F61657A443}.Release|x86.Build.0 = Release|Win32
	EndGlobalSection
	GlobalSection(SolutionProperties) = preSolution
		HideSolutionNode = FALSE
	EndGlobalSection
	GlobalSection(ExtensibilityGlobals) = postSolution
		SolutionGuid = {5F06878D-0C00-411C-A198-DD3511585832}
	EndGlobalSection
EndGlobal
